
Microsoft Visual Studio Solution File, Format Version 12.00
# Visual Studio 2015
Project("{FAE04EC0-301F-11D3-BF4B-00C04F79EFBC}") = "8kCollaboration.Plugins", "8kCollaboration.Plugins.csproj", "{F7D35B0A-7C7B-71E2-689F-CA3A8EA0103B}"
EndProject
Project("{FAE04EC0-301F-11D3-BF4B-00C04F79EFBC}") = "8kCollaboration", "8kCollaboration.csproj", "{89CF8D86-3846-1A5C-F057-D9F9C1845861}"
EndProject
Project("{FAE04EC0-301F-11D3-BF4B-00C04F79EFBC}") = "8kCollaboration.Editor.Plugins", "8kCollaboration.Editor.Plugins.csproj", "{1BACA023-D092-EACB-D8D1-C2F3A0AC1B42}"
EndProject
Global
	GlobalSection(SolutionConfigurationPlatforms) = preSolution
		Debug|Any CPU = Debug|Any CPU
		Release|Any CPU = Release|Any CPU
	EndGlobalSection
	GlobalSection(ProjectConfigurationPlatforms) = postSolution
		{F7D35B0A-7C7B-71E2-689F-CA3A8EA0103B}.Debug|Any CPU.ActiveCfg = Debug|Any CPU
		{F7D35B0A-7C7B-71E2-689F-CA3A8EA0103B}.Debug|Any CPU.Build.0 = Debug|Any CPU
		{F7D35B0A-7C7B-71E2-689F-CA3A8EA0103B}.Release|Any CPU.ActiveCfg = Release|Any CPU
		{F7D35B0A-7C7B-71E2-689F-CA3A8EA0103B}.Release|Any CPU.Build.0 = Release|Any CPU
		{89CF8D86-3846-1A5C-F057-D9F9C1845861}.Debug|Any CPU.ActiveCfg = Debug|Any CPU
		{89CF8D86-3846-1A5C-F057-D9F9C1845861}.Debug|Any CPU.Build.0 = Debug|Any CPU
		{89CF8D86-3846-1A5C-F057-D9F9C1845861}.Release|Any CPU.ActiveCfg = Release|Any CPU
		{89CF8D86-3846-1A5C-F057-D9F9C1845861}.Release|Any CPU.Build.0 = Release|Any CPU
		{1BACA023-D092-EACB-D8D1-C2F3A0AC1B42}.Debug|Any CPU.ActiveCfg = Debug|Any CPU
		{1BACA023-D092-EACB-D8D1-C2F3A0AC1B42}.Debug|Any CPU.Build.0 = Debug|Any CPU
		{1BACA023-D092-EACB-D8D1-C2F3A0AC1B42}.Release|Any CPU.ActiveCfg = Release|Any CPU
		{1BACA023-D092-EACB-D8D1-C2F3A0AC1B42}.Release|Any CPU.Build.0 = Release|Any CPU
	EndGlobalSection
	GlobalSection(SolutionProperties) = preSolution
		HideSolutionNode = FALSE
	EndGlobalSection
EndGlobal
